// !$*UTF8*$!
{
	archiveVersion = 1;
	classes = {
	};
	objectVersion = 56;
	objects = {

/* Begin PBXBuildFile section */
		12F632BC5673774656CC6C12 /* Pods_numerology.framework in Frameworks */ = {isa = PBXBuildFile; fileRef = 40647194937840EF2D7400B4 /* Pods_numerology.framework */; };
		A837D2932AECD331003312E4 /* numerologyTestsCounter.swift in Sources */ = {isa = PBXBuildFile; fileRef = A837D2922AECD331003312E4 /* numerologyTestsCounter.swift */; };
		A837D29B2AEE3EE3003312E4 /* CompatibilityView.swift in Sources */ = {isa = PBXBuildFile; fileRef = A837D29A2AEE3EE3003312E4 /* CompatibilityView.swift */; };
		A837D29D2AEEC4B9003312E4 /* TransformView.swift in Sources */ = {isa = PBXBuildFile; fileRef = A837D29C2AEEC4B9003312E4 /* TransformView.swift */; };
		A837D29F2AEEC5F3003312E4 /* TransformCounrterViewModel.swift in Sources */ = {isa = PBXBuildFile; fileRef = A837D29E2AEEC5F3003312E4 /* TransformCounrterViewModel.swift */; };
		A837D2A12AF00227003312E4 /* DegradationView.swift in Sources */ = {isa = PBXBuildFile; fileRef = A837D2A02AF00226003312E4 /* DegradationView.swift */; };
		A837D2A32AF002DC003312E4 /* DegradationCounrterViewModel.swift in Sources */ = {isa = PBXBuildFile; fileRef = A837D2A22AF002DC003312E4 /* DegradationCounrterViewModel.swift */; };
		A837D2A52AF41332003312E4 /* HelpView.swift in Sources */ = {isa = PBXBuildFile; fileRef = A837D2A42AF41332003312E4 /* HelpView.swift */; };
		A85632B32AF764EB001B1BC2 /* Card.swift in Sources */ = {isa = PBXBuildFile; fileRef = A85632B22AF764EB001B1BC2 /* Card.swift */; };
		A85632B52AF7679D001B1BC2 /* Localizable.xcstrings in Resources */ = {isa = PBXBuildFile; fileRef = A85632B42AF7679D001B1BC2 /* Localizable.xcstrings */; };
		A8D8FE5D2AE99A0000475B20 /* numerologyApp.swift in Sources */ = {isa = PBXBuildFile; fileRef = A8D8FE5C2AE99A0000475B20 /* numerologyApp.swift */; };
		A8D8FE5F2AE99A0000475B20 /* ContentView.swift in Sources */ = {isa = PBXBuildFile; fileRef = A8D8FE5E2AE99A0000475B20 /* ContentView.swift */; };
		A8D8FE612AE99A0200475B20 /* Assets.xcassets in Resources */ = {isa = PBXBuildFile; fileRef = A8D8FE602AE99A0200475B20 /* Assets.xcassets */; };
		A8D8FE642AE99A0200475B20 /* Preview Assets.xcassets in Resources */ = {isa = PBXBuildFile; fileRef = A8D8FE632AE99A0200475B20 /* Preview Assets.xcassets */; };
		A8FFB59F2AE9B4BB007C491C /* .gitignore in Resources */ = {isa = PBXBuildFile; fileRef = A8FFB59E2AE9B4BB007C491C /* .gitignore */; };
		A8FFB5A32AEAEBEB007C491C /* NavigationBar.swift in Sources */ = {isa = PBXBuildFile; fileRef = A8FFB5A22AEAEBEB007C491C /* NavigationBar.swift */; };
		A8FFB5A52AEC3774007C491C /* AppView.swift in Sources */ = {isa = PBXBuildFile; fileRef = A8FFB5A42AEC3773007C491C /* AppView.swift */; };
		A8FFB5AA2AEC565C007C491C /* Table.swift in Sources */ = {isa = PBXBuildFile; fileRef = A8FFB5A92AEC565C007C491C /* Table.swift */; };
		A8FFB5AE2AEC5891007C491C /* CounterViewModel.swift in Sources */ = {isa = PBXBuildFile; fileRef = A8FFB5AD2AEC5891007C491C /* CounterViewModel.swift */; };
/* End PBXBuildFile section */

/* Begin PBXContainerItemProxy section */
		A837D2942AECD331003312E4 /* PBXContainerItemProxy */ = {
			isa = PBXContainerItemProxy;
			containerPortal = A8D8FE512AE99A0000475B20 /* Project object */;
			proxyType = 1;
			remoteGlobalIDString = A8D8FE582AE99A0000475B20;
			remoteInfo = numerology;
		};
/* End PBXContainerItemProxy section */

/* Begin PBXCopyFilesBuildPhase section */
		A80838F92AF430480052D3FA /* Embed Frameworks */ = {
			isa = PBXCopyFilesBuildPhase;
			buildActionMask = 2147483647;
			dstPath = "";
			dstSubfolderSpec = 10;
			files = (
			);
			name = "Embed Frameworks";
			runOnlyForDeploymentPostprocessing = 0;
		};
/* End PBXCopyFilesBuildPhase section */

/* Begin PBXFileReference section */
		40647194937840EF2D7400B4 /* Pods_numerology.framework */ = {isa = PBXFileReference; explicitFileType = wrapper.framework; includeInIndex = 0; path = Pods_numerology.framework; sourceTree = BUILT_PRODUCTS_DIR; };
		A80838F52AF42D8A0052D3FA /* numerology.app */ = {isa = PBXFileReference; explicitFileType = wrapper.application; includeInIndex = 0; path = numerology.app; sourceTree = BUILT_PRODUCTS_DIR; };
		A80838F62AF42D8A0052D3FA /* numerologyTestsCounter.xctest */ = {isa = PBXFileReference; explicitFileType = wrapper.cfbundle; includeInIndex = 0; path = numerologyTestsCounter.xctest; sourceTree = BUILT_PRODUCTS_DIR; };
		A837D2922AECD331003312E4 /* numerologyTestsCounter.swift */ = {isa = PBXFileReference; lastKnownFileType = sourcecode.swift; path = numerologyTestsCounter.swift; sourceTree = "<group>"; };
		A837D2992AECD624003312E4 /* numerology.xctestplan */ = {isa = PBXFileReference; lastKnownFileType = text; path = numerology.xctestplan; sourceTree = "<group>"; };
		A837D29A2AEE3EE3003312E4 /* CompatibilityView.swift */ = {isa = PBXFileReference; lastKnownFileType = sourcecode.swift; path = CompatibilityView.swift; sourceTree = "<group>"; };
		A837D29C2AEEC4B9003312E4 /* TransformView.swift */ = {isa = PBXFileReference; lastKnownFileType = sourcecode.swift; path = TransformView.swift; sourceTree = "<group>"; };
		A837D29E2AEEC5F3003312E4 /* TransformCounrterViewModel.swift */ = {isa = PBXFileReference; lastKnownFileType = sourcecode.swift; path = TransformCounrterViewModel.swift; sourceTree = "<group>"; };
		A837D2A02AF00226003312E4 /* DegradationView.swift */ = {isa = PBXFileReference; lastKnownFileType = sourcecode.swift; path = DegradationView.swift; sourceTree = "<group>"; };
		A837D2A22AF002DC003312E4 /* DegradationCounrterViewModel.swift */ = {isa = PBXFileReference; lastKnownFileType = sourcecode.swift; path = DegradationCounrterViewModel.swift; sourceTree = "<group>"; };
		A837D2A42AF41332003312E4 /* HelpView.swift */ = {isa = PBXFileReference; lastKnownFileType = sourcecode.swift; path = HelpView.swift; sourceTree = "<group>"; };
		A85632B22AF764EB001B1BC2 /* Card.swift */ = {isa = PBXFileReference; lastKnownFileType = sourcecode.swift; path = Card.swift; sourceTree = "<group>"; };
		A85632B42AF7679D001B1BC2 /* Localizable.xcstrings */ = {isa = PBXFileReference; lastKnownFileType = text.json.xcstrings; path = Localizable.xcstrings; sourceTree = "<group>"; };
		A8D8FE5C2AE99A0000475B20 /* numerologyApp.swift */ = {isa = PBXFileReference; lastKnownFileType = sourcecode.swift; path = numerologyApp.swift; sourceTree = "<group>"; };
		A8D8FE5E2AE99A0000475B20 /* ContentView.swift */ = {isa = PBXFileReference; lastKnownFileType = sourcecode.swift; path = ContentView.swift; sourceTree = "<group>"; };
		A8D8FE602AE99A0200475B20 /* Assets.xcassets */ = {isa = PBXFileReference; lastKnownFileType = folder.assetcatalog; path = Assets.xcassets; sourceTree = "<group>"; };
		A8D8FE632AE99A0200475B20 /* Preview Assets.xcassets */ = {isa = PBXFileReference; lastKnownFileType = folder.assetcatalog; path = "Preview Assets.xcassets"; sourceTree = "<group>"; };
		A8FFB59E2AE9B4BB007C491C /* .gitignore */ = {isa = PBXFileReference; lastKnownFileType = text; path = .gitignore; sourceTree = "<group>"; };
		A8FFB5A22AEAEBEB007C491C /* NavigationBar.swift */ = {isa = PBXFileReference; lastKnownFileType = sourcecode.swift; path = NavigationBar.swift; sourceTree = "<group>"; };
		A8FFB5A42AEC3773007C491C /* AppView.swift */ = {isa = PBXFileReference; lastKnownFileType = sourcecode.swift; path = AppView.swift; sourceTree = "<group>"; };
		A8FFB5A92AEC565C007C491C /* Table.swift */ = {isa = PBXFileReference; lastKnownFileType = sourcecode.swift; path = Table.swift; sourceTree = "<group>"; };
		A8FFB5AD2AEC5891007C491C /* CounterViewModel.swift */ = {isa = PBXFileReference; lastKnownFileType = sourcecode.swift; path = CounterViewModel.swift; sourceTree = "<group>"; };
		ED62BA6042810E029D9A19A8 /* Pods-numerology.debug.xcconfig */ = {isa = PBXFileReference; includeInIndex = 1; lastKnownFileType = text.xcconfig; name = "Pods-numerology.debug.xcconfig"; path = "Target Support Files/Pods-numerology/Pods-numerology.debug.xcconfig"; sourceTree = "<group>"; };
		FB4A2AAE652B9FD53CE78C55 /* Pods-numerology.release.xcconfig */ = {isa = PBXFileReference; includeInIndex = 1; lastKnownFileType = text.xcconfig; name = "Pods-numerology.release.xcconfig"; path = "Target Support Files/Pods-numerology/Pods-numerology.release.xcconfig"; sourceTree = "<group>"; };
/* End PBXFileReference section */

/* Begin PBXFrameworksBuildPhase section */
		A837D28D2AECD331003312E4 /* Frameworks */ = {
			isa = PBXFrameworksBuildPhase;
			buildActionMask = 2147483647;
			files = (
			);
			runOnlyForDeploymentPostprocessing = 0;
		};
		A8D8FE562AE99A0000475B20 /* Frameworks */ = {
			isa = PBXFrameworksBuildPhase;
			buildActionMask = 2147483647;
			files = (
				12F632BC5673774656CC6C12 /* Pods_numerology.framework in Frameworks */,
			);
			runOnlyForDeploymentPostprocessing = 0;
		};
/* End PBXFrameworksBuildPhase section */

/* Begin PBXGroup section */
		352EA078E2B1EB164E7E9854 /* Pods */ = {
			isa = PBXGroup;
			children = (
				ED62BA6042810E029D9A19A8 /* Pods-numerology.debug.xcconfig */,
				FB4A2AAE652B9FD53CE78C55 /* Pods-numerology.release.xcconfig */,
			);
			path = Pods;
			sourceTree = "<group>";
		};
		4E178048CF6DCF1A9A2F8EDA /* Frameworks */ = {
			isa = PBXGroup;
			children = (
				40647194937840EF2D7400B4 /* Pods_numerology.framework */,
			);
			name = Frameworks;
			sourceTree = "<group>";
		};
		A837D2912AECD331003312E4 /* numerologyTestsCounter */ = {
			isa = PBXGroup;
			children = (
				A837D2922AECD331003312E4 /* numerologyTestsCounter.swift */,
			);
			path = numerologyTestsCounter;
			sourceTree = "<group>";
		};
		A85632B12AF764CE001B1BC2 /* subview */ = {
			isa = PBXGroup;
			children = (
				A85632B22AF764EB001B1BC2 /* Card.swift */,
			);
			path = subview;
			sourceTree = "<group>";
		};
		A8D8FE502AE99A0000475B20 = {
			isa = PBXGroup;
			children = (
				A837D2992AECD624003312E4 /* numerology.xctestplan */,
				A8FFB59E2AE9B4BB007C491C /* .gitignore */,
				A8D8FE5B2AE99A0000475B20 /* numerology */,
				A837D2912AECD331003312E4 /* numerologyTestsCounter */,
				352EA078E2B1EB164E7E9854 /* Pods */,
				A80838F52AF42D8A0052D3FA /* numerology.app */,
				A80838F62AF42D8A0052D3FA /* numerologyTestsCounter.xctest */,
				4E178048CF6DCF1A9A2F8EDA /* Frameworks */,
			);
			sourceTree = "<group>";
		};
		A8D8FE5B2AE99A0000475B20 /* numerology */ = {
			isa = PBXGroup;
			children = (
				A85632B12AF764CE001B1BC2 /* subview */,
				A8FFB5AC2AEC5863007C491C /* viewmodel */,
				A8FFB5AB2AEC5833007C491C /* view */,
				A8FFB5A82AEC5642007C491C /* model */,
				A8D8FE5C2AE99A0000475B20 /* numerologyApp.swift */,
				A85632B42AF7679D001B1BC2 /* Localizable.xcstrings */,
				A8D8FE602AE99A0200475B20 /* Assets.xcassets */,
				A8D8FE622AE99A0200475B20 /* Preview Content */,
			);
			path = numerology;
			sourceTree = "<group>";
		};
		A8D8FE622AE99A0200475B20 /* Preview Content */ = {
			isa = PBXGroup;
			children = (
				A8D8FE632AE99A0200475B20 /* Preview Assets.xcassets */,
			);
			path = "Preview Content";
			sourceTree = "<group>";
		};
		A8FFB5A82AEC5642007C491C /* model */ = {
			isa = PBXGroup;
			children = (
				A8FFB5A92AEC565C007C491C /* Table.swift */,
			);
			path = model;
			sourceTree = "<group>";
		};
		A8FFB5AB2AEC5833007C491C /* view */ = {
			isa = PBXGroup;
			children = (
				A8D8FE5E2AE99A0000475B20 /* ContentView.swift */,
				A8FFB5A22AEAEBEB007C491C /* NavigationBar.swift */,
				A8FFB5A42AEC3773007C491C /* AppView.swift */,
				A837D29A2AEE3EE3003312E4 /* CompatibilityView.swift */,
				A837D29C2AEEC4B9003312E4 /* TransformView.swift */,
				A837D2A02AF00226003312E4 /* DegradationView.swift */,
				A837D2A42AF41332003312E4 /* HelpView.swift */,
			);
			path = view;
			sourceTree = "<group>";
		};
		A8FFB5AC2AEC5863007C491C /* viewmodel */ = {
			isa = PBXGroup;
			children = (
				A8FFB5AD2AEC5891007C491C /* CounterViewModel.swift */,
				A837D29E2AEEC5F3003312E4 /* TransformCounrterViewModel.swift */,
				A837D2A22AF002DC003312E4 /* DegradationCounrterViewModel.swift */,
			);
			path = viewmodel;
			sourceTree = "<group>";
		};
/* End PBXGroup section */

/* Begin PBXNativeTarget section */
		A837D28F2AECD331003312E4 /* numerologyTestsCounter */ = {
			isa = PBXNativeTarget;
			buildConfigurationList = A837D2962AECD331003312E4 /* Build configuration list for PBXNativeTarget "numerologyTestsCounter" */;
			buildPhases = (
				A837D28C2AECD331003312E4 /* Sources */,
				A837D28D2AECD331003312E4 /* Frameworks */,
				A837D28E2AECD331003312E4 /* Resources */,
			);
			buildRules = (
			);
			dependencies = (
				A837D2952AECD331003312E4 /* PBXTargetDependency */,
			);
			name = numerologyTestsCounter;
			productName = numerologyTestsCounter;
			productReference = A80838F62AF42D8A0052D3FA /* numerologyTestsCounter.xctest */;
			productType = "com.apple.product-type.bundle.unit-test";
		};
		A8D8FE582AE99A0000475B20 /* numerology */ = {
			isa = PBXNativeTarget;
			buildConfigurationList = A8D8FE7D2AE99A0300475B20 /* Build configuration list for PBXNativeTarget "numerology" */;
			buildPhases = (
				5455F17D4EA644CCCAA852DD /* [CP] Check Pods Manifest.lock */,
				A8D8FE552AE99A0000475B20 /* Sources */,
				A8D8FE562AE99A0000475B20 /* Frameworks */,
				A8D8FE572AE99A0000475B20 /* Resources */,
				A80838F92AF430480052D3FA /* Embed Frameworks */,
				BBC49A333409BEFA2A9AA364 /* [CP] Embed Pods Frameworks */,
			);
			buildRules = (
			);
			dependencies = (
			);
			name = numerology;
			productName = numerology;
			productReference = A80838F52AF42D8A0052D3FA /* numerology.app */;
			productType = "com.apple.product-type.application";
		};
/* End PBXNativeTarget section */

/* Begin PBXProject section */
		A8D8FE512AE99A0000475B20 /* Project object */ = {
			isa = PBXProject;
			attributes = {
				BuildIndependentTargetsInParallel = 1;
				LastSwiftUpdateCheck = 1500;
				LastUpgradeCheck = 1500;
				TargetAttributes = {
					A837D28F2AECD331003312E4 = {
						CreatedOnToolsVersion = 15.0.1;
						TestTargetID = A8D8FE582AE99A0000475B20;
					};
					A8D8FE582AE99A0000475B20 = {
						CreatedOnToolsVersion = 15.0.1;
					};
				};
			};
			buildConfigurationList = A8D8FE542AE99A0000475B20 /* Build configuration list for PBXProject "numerology" */;
			compatibilityVersion = "Xcode 14.0";
			developmentRegion = ru;
			hasScannedForEncodings = 0;
			knownRegions = (
				Base,
				ru,
			);
			mainGroup = A8D8FE502AE99A0000475B20;
			productRefGroup = A8D8FE502AE99A0000475B20;
			projectDirPath = "";
			projectRoot = "";
			targets = (
				A8D8FE582AE99A0000475B20 /* numerology */,
				A837D28F2AECD331003312E4 /* numerologyTestsCounter */,
			);
		};
/* End PBXProject section */

/* Begin PBXResourcesBuildPhase section */
		A837D28E2AECD331003312E4 /* Resources */ = {
			isa = PBXResourcesBuildPhase;
			buildActionMask = 2147483647;
			files = (
			);
			runOnlyForDeploymentPostprocessing = 0;
		};
		A8D8FE572AE99A0000475B20 /* Resources */ = {
			isa = PBXResourcesBuildPhase;
			buildActionMask = 2147483647;
			files = (
				A8D8FE642AE99A0200475B20 /* Preview Assets.xcassets in Resources */,
				A8FFB59F2AE9B4BB007C491C /* .gitignore in Resources */,
				A85632B52AF7679D001B1BC2 /* Localizable.xcstrings in Resources */,
				A8D8FE612AE99A0200475B20 /* Assets.xcassets in Resources */,
			);
			runOnlyForDeploymentPostprocessing = 0;
		};
/* End PBXResourcesBuildPhase section */

/* Begin PBXShellScriptBuildPhase section */
		5455F17D4EA644CCCAA852DD /* [CP] Check Pods Manifest.lock */ = {
			isa = PBXShellScriptBuildPhase;
			buildActionMask = 2147483647;
			files = (
			);
			inputFileListPaths = (
			);
			inputPaths = (
				"${PODS_PODFILE_DIR_PATH}/Podfile.lock",
				"${PODS_ROOT}/Manifest.lock",
			);
			name = "[CP] Check Pods Manifest.lock";
			outputFileListPaths = (
			);
			outputPaths = (
				"$(DERIVED_FILE_DIR)/Pods-numerology-checkManifestLockResult.txt",
			);
			runOnlyForDeploymentPostprocessing = 0;
			shellPath = /bin/sh;
			shellScript = "diff \"${PODS_PODFILE_DIR_PATH}/Podfile.lock\" \"${PODS_ROOT}/Manifest.lock\" > /dev/null\nif [ $? != 0 ] ; then\n    # print error to STDERR\n    echo \"error: The sandbox is not in sync with the Podfile.lock. Run 'pod install' or update your CocoaPods installation.\" >&2\n    exit 1\nfi\n# This output is used by Xcode 'outputs' to avoid re-running this script phase.\necho \"SUCCESS\" > \"${SCRIPT_OUTPUT_FILE_0}\"\n";
			showEnvVarsInLog = 0;
		};
		BBC49A333409BEFA2A9AA364 /* [CP] Embed Pods Frameworks */ = {
			isa = PBXShellScriptBuildPhase;
			buildActionMask = 2147483647;
			files = (
			);
			inputFileListPaths = (
				"${PODS_ROOT}/Target Support Files/Pods-numerology/Pods-numerology-frameworks-${CONFIGURATION}-input-files.xcfilelist",
			);
			name = "[CP] Embed Pods Frameworks";
			outputFileListPaths = (
				"${PODS_ROOT}/Target Support Files/Pods-numerology/Pods-numerology-frameworks-${CONFIGURATION}-output-files.xcfilelist",
			);
			runOnlyForDeploymentPostprocessing = 0;
			shellPath = /bin/sh;
			shellScript = "\"${PODS_ROOT}/Target Support Files/Pods-numerology/Pods-numerology-frameworks.sh\"\n";
			showEnvVarsInLog = 0;
		};
/* End PBXShellScriptBuildPhase section */

/* Begin PBXSourcesBuildPhase section */
		A837D28C2AECD331003312E4 /* Sources */ = {
			isa = PBXSourcesBuildPhase;
			buildActionMask = 2147483647;
			files = (
				A837D2932AECD331003312E4 /* numerologyTestsCounter.swift in Sources */,
			);
			runOnlyForDeploymentPostprocessing = 0;
		};
		A8D8FE552AE99A0000475B20 /* Sources */ = {
			isa = PBXSourcesBuildPhase;
			buildActionMask = 2147483647;
			files = (
				A8FFB5AA2AEC565C007C491C /* Table.swift in Sources */,
				A837D2A52AF41332003312E4 /* HelpView.swift in Sources */,
				A837D2A12AF00227003312E4 /* DegradationView.swift in Sources */,
				A8FFB5AE2AEC5891007C491C /* CounterViewModel.swift in Sources */,
				A85632B32AF764EB001B1BC2 /* Card.swift in Sources */,
				A8FFB5A52AEC3774007C491C /* AppView.swift in Sources */,
				A837D2A32AF002DC003312E4 /* DegradationCounrterViewModel.swift in Sources */,
				A8D8FE5F2AE99A0000475B20 /* ContentView.swift in Sources */,
				A8D8FE5D2AE99A0000475B20 /* numerologyApp.swift in Sources */,
				A837D29D2AEEC4B9003312E4 /* TransformView.swift in Sources */,
				A8FFB5A32AEAEBEB007C491C /* NavigationBar.swift in Sources */,
				A837D29B2AEE3EE3003312E4 /* CompatibilityView.swift in Sources */,
				A837D29F2AEEC5F3003312E4 /* TransformCounrterViewModel.swift in Sources */,
			);
			runOnlyForDeploymentPostprocessing = 0;
		};
/* End PBXSourcesBuildPhase section */

/* Begin PBXTargetDependency section */
		A837D2952AECD331003312E4 /* PBXTargetDependency */ = {
			isa = PBXTargetDependency;
			target = A8D8FE582AE99A0000475B20 /* numerology */;
			targetProxy = A837D2942AECD331003312E4 /* PBXContainerItemProxy */;
		};
/* End PBXTargetDependency section */

/* Begin XCBuildConfiguration section */
		A837D2972AECD331003312E4 /* Debug */ = {
			isa = XCBuildConfiguration;
			buildSettings = {
				BUNDLE_LOADER = "$(TEST_HOST)";
				"CODE_SIGN_IDENTITY[sdk=macosx*]" = "Apple Development";
				CODE_SIGN_STYLE = Automatic;
				CURRENT_PROJECT_VERSION = 1;
				DEVELOPMENT_TEAM = 55J7T8YCH5;
				GENERATE_INFOPLIST_FILE = YES;
				MARKETING_VERSION = 1.0;
				PRODUCT_BUNDLE_IDENTIFIER = by.zeliankoaliaksandr.numerologyTestsCounter;
				PRODUCT_NAME = "$(TARGET_NAME)";
				SWIFT_EMIT_LOC_STRINGS = NO;
				SWIFT_VERSION = 5.0;
				TARGETED_DEVICE_FAMILY = "1,2";
				TEST_HOST = "$(BUILT_PRODUCTS_DIR)/numerology.app/$(BUNDLE_EXECUTABLE_FOLDER_PATH)/numerology";
			};
			name = Debug;
		};
		A837D2982AECD331003312E4 /* Release */ = {
			isa = XCBuildConfiguration;
			buildSettings = {
				BUNDLE_LOADER = "$(TEST_HOST)";
				CODE_SIGN_STYLE = Automatic;
				CURRENT_PROJECT_VERSION = 1;
				DEVELOPMENT_TEAM = 55J7T8YCH5;
				GENERATE_INFOPLIST_FILE = YES;
				MARKETING_VERSION = 1.0;
				PRODUCT_BUNDLE_IDENTIFIER = by.zeliankoaliaksandr.numerologyTestsCounter;
				PRODUCT_NAME = "$(TARGET_NAME)";
				SWIFT_EMIT_LOC_STRINGS = NO;
				SWIFT_VERSION = 5.0;
				TARGETED_DEVICE_FAMILY = "1,2";
				TEST_HOST = "$(BUILT_PRODUCTS_DIR)/numerology.app/$(BUNDLE_EXECUTABLE_FOLDER_PATH)/numerology";
			};
			name = Release;
		};
		A8D8FE7B2AE99A0300475B20 /* Debug */ = {
			isa = XCBuildConfiguration;
			buildSettings = {
				ALWAYS_SEARCH_USER_PATHS = NO;
				ASSETCATALOG_COMPILER_GENERATE_SWIFT_ASSET_SYMBOL_EXTENSIONS = YES;
				CLANG_ANALYZER_NONNULL = YES;
				CLANG_ANALYZER_NUMBER_OBJECT_CONVERSION = YES_AGGRESSIVE;
				CLANG_CXX_LANGUAGE_STANDARD = "gnu++20";
				CLANG_ENABLE_MODULES = YES;
				CLANG_ENABLE_OBJC_ARC = YES;
				CLANG_ENABLE_OBJC_WEAK = YES;
				CLANG_WARN_BLOCK_CAPTURE_AUTORELEASING = YES;
				CLANG_WARN_BOOL_CONVERSION = YES;
				CLANG_WARN_COMMA = YES;
				CLANG_WARN_CONSTANT_CONVERSION = YES;
				CLANG_WARN_DEPRECATED_OBJC_IMPLEMENTATIONS = YES;
				CLANG_WARN_DIRECT_OBJC_ISA_USAGE = YES_ERROR;
				CLANG_WARN_DOCUMENTATION_COMMENTS = YES;
				CLANG_WARN_EMPTY_BODY = YES;
				CLANG_WARN_ENUM_CONVERSION = YES;
				CLANG_WARN_INFINITE_RECURSION = YES;
				CLANG_WARN_INT_CONVERSION = YES;
				CLANG_WARN_NON_LITERAL_NULL_CONVERSION = YES;
				CLANG_WARN_OBJC_IMPLICIT_RETAIN_SELF = YES;
				CLANG_WARN_OBJC_LITERAL_CONVERSION = YES;
				CLANG_WARN_OBJC_ROOT_CLASS = YES_ERROR;
				CLANG_WARN_QUOTED_INCLUDE_IN_FRAMEWORK_HEADER = YES;
				CLANG_WARN_RANGE_LOOP_ANALYSIS = YES;
				CLANG_WARN_STRICT_PROTOTYPES = YES;
				CLANG_WARN_SUSPICIOUS_MOVE = YES;
				CLANG_WARN_UNGUARDED_AVAILABILITY = YES_AGGRESSIVE;
				CLANG_WARN_UNREACHABLE_CODE = YES;
				CLANG_WARN__DUPLICATE_METHOD_MATCH = YES;
				COPY_PHASE_STRIP = NO;
				DEBUG_INFORMATION_FORMAT = dwarf;
				ENABLE_STRICT_OBJC_MSGSEND = YES;
				ENABLE_TESTABILITY = YES;
				ENABLE_USER_SCRIPT_SANDBOXING = NO;
				GCC_C_LANGUAGE_STANDARD = gnu17;
				GCC_DYNAMIC_NO_PIC = NO;
				GCC_NO_COMMON_BLOCKS = YES;
				GCC_OPTIMIZATION_LEVEL = 0;
				GCC_PREPROCESSOR_DEFINITIONS = (
					"DEBUG=1",
					"$(inherited)",
				);
				GCC_WARN_64_TO_32_BIT_CONVERSION = YES;
				GCC_WARN_ABOUT_RETURN_TYPE = YES_ERROR;
				GCC_WARN_UNDECLARED_SELECTOR = YES;
				GCC_WARN_UNINITIALIZED_AUTOS = YES_AGGRESSIVE;
				GCC_WARN_UNUSED_FUNCTION = YES;
				GCC_WARN_UNUSED_VARIABLE = YES;
				IPHONEOS_DEPLOYMENT_TARGET = 17.0;
				LOCALIZATION_PREFERS_STRING_CATALOGS = YES;
				MTL_ENABLE_DEBUG_INFO = INCLUDE_SOURCE;
				MTL_FAST_MATH = YES;
				ONLY_ACTIVE_ARCH = YES;
				SDKROOT = iphoneos;
				SWIFT_ACTIVE_COMPILATION_CONDITIONS = "DEBUG $(inherited)";
				SWIFT_OPTIMIZATION_LEVEL = "-Onone";
			};
			name = Debug;
		};
		A8D8FE7C2AE99A0300475B20 /* Release */ = {
			isa = XCBuildConfiguration;
			buildSettings = {
				ALWAYS_SEARCH_USER_PATHS = NO;
				ASSETCATALOG_COMPILER_GENERATE_SWIFT_ASSET_SYMBOL_EXTENSIONS = YES;
				CLANG_ANALYZER_NONNULL = YES;
				CLANG_ANALYZER_NUMBER_OBJECT_CONVERSION = YES_AGGRESSIVE;
				CLANG_CXX_LANGUAGE_STANDARD = "gnu++20";
				CLANG_ENABLE_MODULES = YES;
				CLANG_ENABLE_OBJC_ARC = YES;
				CLANG_ENABLE_OBJC_WEAK = YES;
				CLANG_WARN_BLOCK_CAPTURE_AUTORELEASING = YES;
				CLANG_WARN_BOOL_CONVERSION = YES;
				CLANG_WARN_COMMA = YES;
				CLANG_WARN_CONSTANT_CONVERSION = YES;
				CLANG_WARN_DEPRECATED_OBJC_IMPLEMENTATIONS = YES;
				CLANG_WARN_DIRECT_OBJC_ISA_USAGE = YES_ERROR;
				CLANG_WARN_DOCUMENTATION_COMMENTS = YES;
				CLANG_WARN_EMPTY_BODY = YES;
				CLANG_WARN_ENUM_CONVERSION = YES;
				CLANG_WARN_INFINITE_RECURSION = YES;
				CLANG_WARN_INT_CONVERSION = YES;
				CLANG_WARN_NON_LITERAL_NULL_CONVERSION = YES;
				CLANG_WARN_OBJC_IMPLICIT_RETAIN_SELF = YES;
				CLANG_WARN_OBJC_LITERAL_CONVERSION = YES;
				CLANG_WARN_OBJC_ROOT_CLASS = YES_ERROR;
				CLANG_WARN_QUOTED_INCLUDE_IN_FRAMEWORK_HEADER = YES;
				CLANG_WARN_RANGE_LOOP_ANALYSIS = YES;
				CLANG_WARN_STRICT_PROTOTYPES = YES;
				CLANG_WARN_SUSPICIOUS_MOVE = YES;
				CLANG_WARN_UNGUARDED_AVAILABILITY = YES_AGGRESSIVE;
				CLANG_WARN_UNREACHABLE_CODE = YES;
				CLANG_WARN__DUPLICATE_METHOD_MATCH = YES;
				COPY_PHASE_STRIP = NO;
				DEBUG_INFORMATION_FORMAT = "dwarf-with-dsym";
				ENABLE_NS_ASSERTIONS = NO;
				ENABLE_STRICT_OBJC_MSGSEND = YES;
				ENABLE_USER_SCRIPT_SANDBOXING = NO;
				GCC_C_LANGUAGE_STANDARD = gnu17;
				GCC_NO_COMMON_BLOCKS = YES;
				GCC_WARN_64_TO_32_BIT_CONVERSION = YES;
				GCC_WARN_ABOUT_RETURN_TYPE = YES_ERROR;
				GCC_WARN_UNDECLARED_SELECTOR = YES;
				GCC_WARN_UNINITIALIZED_AUTOS = YES_AGGRESSIVE;
				GCC_WARN_UNUSED_FUNCTION = YES;
				GCC_WARN_UNUSED_VARIABLE = YES;
				IPHONEOS_DEPLOYMENT_TARGET = 17.0;
				LOCALIZATION_PREFERS_STRING_CATALOGS = YES;
				MTL_ENABLE_DEBUG_INFO = NO;
				MTL_FAST_MATH = YES;
				SDKROOT = iphoneos;
				SWIFT_COMPILATION_MODE = wholemodule;
				VALIDATE_PRODUCT = YES;
			};
			name = Release;
		};
		A8D8FE7E2AE99A0300475B20 /* Debug */ = {
			isa = XCBuildConfiguration;
			baseConfigurationReference = ED62BA6042810E029D9A19A8 /* Pods-numerology.debug.xcconfig */;
			buildSettings = {
				ASSETCATALOG_COMPILER_APPICON_NAME = AppIcon;
				ASSETCATALOG_COMPILER_GLOBAL_ACCENT_COLOR_NAME = AccentColor;
				ASSETCATALOG_COMPILER_INCLUDE_ALL_APPICON_ASSETS = NO;
				CODE_SIGN_STYLE = Automatic;
				CURRENT_PROJECT_VERSION = 1;
				DEVELOPMENT_ASSET_PATHS = "\"numerology/Preview Content\"";
				DEVELOPMENT_TEAM = 55J7T8YCH5;
				ENABLE_PREVIEWS = YES;
				GENERATE_INFOPLIST_FILE = YES;
				INFOPLIST_KEY_CFBundleDisplayName = "Психоматрица Квадрат Пифагора";
				INFOPLIST_KEY_LSApplicationCategoryType = "public.app-category.lifestyle";
				INFOPLIST_KEY_UIApplicationSceneManifest_Generation = YES;
				INFOPLIST_KEY_UIApplicationSupportsIndirectInputEvents = YES;
				INFOPLIST_KEY_UILaunchScreen_Generation = YES;
				INFOPLIST_KEY_UILaunchStoryboardName = "";
				INFOPLIST_KEY_UISupportedInterfaceOrientations = UIInterfaceOrientationPortrait;
				IPHONEOS_DEPLOYMENT_TARGET = 16.6;
				LD_RUNPATH_SEARCH_PATHS = (
					"$(inherited)",
					"@executable_path/Frameworks",
				);
				MARKETING_VERSION = 1.0;
				PRODUCT_BUNDLE_IDENTIFIER = by.zeliankoaliaksandr.numerology;
				PRODUCT_NAME = "$(TARGET_NAME)";
				SWIFT_EMIT_LOC_STRINGS = YES;
				SWIFT_VERSION = 5.0;
				TARGETED_DEVICE_FAMILY = "1,2";
			};
			name = Debug;
		};
		A8D8FE7F2AE99A0300475B20 /* Release */ = {
			isa = XCBuildConfiguration;
			baseConfigurationReference = FB4A2AAE652B9FD53CE78C55 /* Pods-numerology.release.xcconfig */;
			buildSettings = {
				ASSETCATALOG_COMPILER_APPICON_NAME = AppIcon;
				ASSETCATALOG_COMPILER_GLOBAL_ACCENT_COLOR_NAME = AccentColor;
				ASSETCATALOG_COMPILER_INCLUDE_ALL_APPICON_ASSETS = NO;
				CODE_SIGN_STYLE = Automatic;
				CURRENT_PROJECT_VERSION = 1;
				DEVELOPMENT_ASSET_PATHS = "\"numerology/Preview Content\"";
				DEVELOPMENT_TEAM = 55J7T8YCH5;
				ENABLE_PREVIEWS = YES;
				GENERATE_INFOPLIST_FILE = YES;
				INFOPLIST_KEY_CFBundleDisplayName = "Психоматрица Квадрат Пифагора";
				INFOPLIST_KEY_LSApplicationCategoryType = "public.app-category.lifestyle";
				INFOPLIST_KEY_UIApplicationSceneManifest_Generation = YES;
				INFOPLIST_KEY_UIApplicationSupportsIndirectInputEvents = YES;
				INFOPLIST_KEY_UILaunchScreen_Generation = YES;
				INFOPLIST_KEY_UILaunchStoryboardName = "";
				INFOPLIST_KEY_UISupportedInterfaceOrientations = UIInterfaceOrientationPortrait;
				IPHONEOS_DEPLOYMENT_TARGET = 16.6;
				LD_RUNPATH_SEARCH_PATHS = (
					"$(inherited)",
					"@executable_path/Frameworks",
				);
				MARKETING_VERSION = 1.0;
				PRODUCT_BUNDLE_IDENTIFIER = by.zeliankoaliaksandr.numerology;
				PRODUCT_NAME = "$(TARGET_NAME)";
				SWIFT_EMIT_LOC_STRINGS = YES;
				SWIFT_VERSION = 5.0;
				TARGETED_DEVICE_FAMILY = "1,2";
			};
			name = Release;
		};
/* End XCBuildConfiguration section */

/* Begin XCConfigurationList section */
		A837D2962AECD331003312E4 /* Build configuration list for PBXNativeTarget "numerologyTestsCounter" */ = {
			isa = XCConfigurationList;
			buildConfigurations = (
				A837D2972AECD331003312E4 /* Debug */,
				A837D2982AECD331003312E4 /* Release */,
			);
			defaultConfigurationIsVisible = 0;
			defaultConfigurationName = Release;
		};
		A8D8FE542AE99A0000475B20 /* Build configuration list for PBXProject "numerology" */ = {
			isa = XCConfigurationList;
			buildConfigurations = (
				A8D8FE7B2AE99A0300475B20 /* Debug */,
				A8D8FE7C2AE99A0300475B20 /* Release */,
			);
			defaultConfigurationIsVisible = 0;
			defaultConfigurationName = Release;
		};
		A8D8FE7D2AE99A0300475B20 /* Build configuration list for PBXNativeTarget "numerology" */ = {
			isa = XCConfigurationList;
			buildConfigurations = (
				A8D8FE7E2AE99A0300475B20 /* Debug */,
				A8D8FE7F2AE99A0300475B20 /* Release */,
			);
			defaultConfigurationIsVisible = 0;
			defaultConfigurationName = Release;
		};
/* End XCConfigurationList section */
	};
	rootObject = A8D8FE512AE99A0000475B20 /* Project object */;
}
